// !$*UTF8*$!
{
	archiveVersion = 1;
	classes = {
	};
	objectVersion = 50;
	objects = {

/* Begin PBXBuildFile section */
		ABADADB6255026DD00EEB9D2 /* LiveSDK.h in Headers */ = {isa = PBXBuildFile; fileRef = ABADADB4255026DD00EEB9D2 /* LiveSDK.h */; settings = {ATTRIBUTES = (Public, ); }; };
		ABADADBF2550270100EEB9D2 /* LiveSDKService.h in Headers */ = {isa = PBXBuildFile; fileRef = ABADADBD2550270100EEB9D2 /* LiveSDKService.h */; settings = {ATTRIBUTES = (Public, ); }; };
		ABADADC02550270100EEB9D2 /* LiveSDKService.m in Sources */ = {isa = PBXBuildFile; fileRef = ABADADBE2550270100EEB9D2 /* LiveSDKService.m */; };
		ABADADC42550271200EEB9D2 /* LiveSDKHelper.h in Headers */ = {isa = PBXBuildFile; fileRef = ABADADC22550271200EEB9D2 /* LiveSDKHelper.h */; settings = {ATTRIBUTES = (Public, ); }; };
		ABADADC52550271200EEB9D2 /* LiveSDKHelper.m in Sources */ = {isa = PBXBuildFile; fileRef = ABADADC32550271200EEB9D2 /* LiveSDKHelper.m */; };
		ABADADD02550274500EEB9D2 /* AppDelegate.m in Sources */ = {isa = PBXBuildFile; fileRef = ABADADCF2550274500EEB9D2 /* AppDelegate.m */; };
		ABADADD32550274500EEB9D2 /* SceneDelegate.m in Sources */ = {isa = PBXBuildFile; fileRef = ABADADD22550274500EEB9D2 /* SceneDelegate.m */; };
		ABADADD62550274500EEB9D2 /* ViewController.m in Sources */ = {isa = PBXBuildFile; fileRef = ABADADD52550274500EEB9D2 /* ViewController.m */; };
		ABADADD92550274500EEB9D2 /* Main.storyboard in Resources */ = {isa = PBXBuildFile; fileRef = ABADADD72550274500EEB9D2 /* Main.storyboard */; };
		ABADADDB2550274900EEB9D2 /* Assets.xcassets in Resources */ = {isa = PBXBuildFile; fileRef = ABADADDA2550274900EEB9D2 /* Assets.xcassets */; };
		ABADADDE2550274900EEB9D2 /* LaunchScreen.storyboard in Resources */ = {isa = PBXBuildFile; fileRef = ABADADDC2550274900EEB9D2 /* LaunchScreen.storyboard */; };
		ABADADE12550274900EEB9D2 /* main.m in Sources */ = {isa = PBXBuildFile; fileRef = ABADADE02550274900EEB9D2 /* main.m */; };
		ABADADF42550286A00EEB9D2 /* BaseSDK.h in Headers */ = {isa = PBXBuildFile; fileRef = ABADADF22550286A00EEB9D2 /* BaseSDK.h */; settings = {ATTRIBUTES = (Public, ); }; };
		ABADADF72550286A00EEB9D2 /* BaseSDK.framework in Frameworks */ = {isa = PBXBuildFile; fileRef = ABADADF02550286A00EEB9D2 /* BaseSDK.framework */; };
		ABADADF92550286A00EEB9D2 /* BaseSDK.framework in Embed Frameworks */ = {isa = PBXBuildFile; fileRef = ABADADF02550286A00EEB9D2 /* BaseSDK.framework */; settings = {ATTRIBUTES = (CodeSignOnCopy, RemoveHeadersOnCopy, ); }; };
		ABADAE01255028B300EEB9D2 /* UtilityTool.h in Headers */ = {isa = PBXBuildFile; fileRef = ABADADFF255028B300EEB9D2 /* UtilityTool.h */; settings = {ATTRIBUTES = (Public, ); }; };
		ABADAE02255028B300EEB9D2 /* UtilityTool.m in Sources */ = {isa = PBXBuildFile; fileRef = ABADAE00255028B300EEB9D2 /* UtilityTool.m */; };
		ABADAE0825502B3200EEB9D2 /* LiveSDK.framework in Frameworks */ = {isa = PBXBuildFile; fileRef = ABADADB1255026DD00EEB9D2 /* LiveSDK.framework */; };
/* End PBXBuildFile section */

/* Begin PBXContainerItemProxy section */
		ABADADE72550276100EEB9D2 /* PBXContainerItemProxy */ = {
			isa = PBXContainerItemProxy;
			containerPortal = ABADADA8255026DD00EEB9D2 /* Project object */;
			proxyType = 1;
			remoteGlobalIDString = ABADADB0255026DD00EEB9D2;
			remoteInfo = LiveSDK;
		};
		ABADADF52550286A00EEB9D2 /* PBXContainerItemProxy */ = {
			isa = PBXContainerItemProxy;
			containerPortal = ABADADA8255026DD00EEB9D2 /* Project object */;
			proxyType = 1;
			remoteGlobalIDString = ABADADEF2550286A00EEB9D2;
			remoteInfo = BaseSDK;
		};
/* End PBXContainerItemProxy section */

/* Begin PBXCopyFilesBuildPhase section */
		ABADADF82550286A00EEB9D2 /* Embed Frameworks */ = {
			isa = PBXCopyFilesBuildPhase;
			buildActionMask = 2147483647;
			dstPath = "";
			dstSubfolderSpec = 10;
			files = (
				ABADADF92550286A00EEB9D2 /* BaseSDK.framework in Embed Frameworks */,
			);
			name = "Embed Frameworks";
			runOnlyForDeploymentPostprocessing = 0;
		};
/* End PBXCopyFilesBuildPhase section */

/* Begin PBXFileReference section */
		ABADADB1255026DD00EEB9D2 /* LiveSDK.framework */ = {isa = PBXFileReference; explicitFileType = wrapper.framework; includeInIndex = 0; path = LiveSDK.framework; sourceTree = BUILT_PRODUCTS_DIR; };
		ABADADB4255026DD00EEB9D2 /* LiveSDK.h */ = {isa = PBXFileReference; lastKnownFileType = sourcecode.c.h; path = LiveSDK.h; sourceTree = "<group>"; };
		ABADADB5255026DD00EEB9D2 /* Info.plist */ = {isa = PBXFileReference; lastKnownFileType = text.plist.xml; path = Info.plist; sourceTree = "<group>"; };
		ABADADBD2550270100EEB9D2 /* LiveSDKService.h */ = {isa = PBXFileReference; lastKnownFileType = sourcecode.c.h; path = LiveSDKService.h; sourceTree = "<group>"; };
		ABADADBE2550270100EEB9D2 /* LiveSDKService.m */ = {isa = PBXFileReference; lastKnownFileType = sourcecode.c.objc; path = LiveSDKService.m; sourceTree = "<group>"; };
		ABADADC22550271200EEB9D2 /* LiveSDKHelper.h */ = {isa = PBXFileReference; lastKnownFileType = sourcecode.c.h; path = LiveSDKHelper.h; sourceTree = "<group>"; };
		ABADADC32550271200EEB9D2 /* LiveSDKHelper.m */ = {isa = PBXFileReference; lastKnownFileType = sourcecode.c.objc; path = LiveSDKHelper.m; sourceTree = "<group>"; };
		ABADADCC2550274500EEB9D2 /* LiveAppDemo.app */ = {isa = PBXFileReference; explicitFileType = wrapper.application; includeInIndex = 0; path = LiveAppDemo.app; sourceTree = BUILT_PRODUCTS_DIR; };
		ABADADCE2550274500EEB9D2 /* AppDelegate.h */ = {isa = PBXFileReference; lastKnownFileType = sourcecode.c.h; path = AppDelegate.h; sourceTree = "<group>"; };
		ABADADCF2550274500EEB9D2 /* AppDelegate.m */ = {isa = PBXFileReference; lastKnownFileType = sourcecode.c.objc; path = AppDelegate.m; sourceTree = "<group>"; };
		ABADADD12550274500EEB9D2 /* SceneDelegate.h */ = {isa = PBXFileReference; lastKnownFileType = sourcecode.c.h; path = SceneDelegate.h; sourceTree = "<group>"; };
		ABADADD22550274500EEB9D2 /* SceneDelegate.m */ = {isa = PBXFileReference; lastKnownFileType = sourcecode.c.objc; path = SceneDelegate.m; sourceTree = "<group>"; };
		ABADADD42550274500EEB9D2 /* ViewController.h */ = {isa = PBXFileReference; lastKnownFileType = sourcecode.c.h; path = ViewController.h; sourceTree = "<group>"; };
		ABADADD52550274500EEB9D2 /* ViewController.m */ = {isa = PBXFileReference; lastKnownFileType = sourcecode.c.objc; path = ViewController.m; sourceTree = "<group>"; };
		ABADADD82550274500EEB9D2 /* Base */ = {isa = PBXFileReference; lastKnownFileType = file.storyboard; name = Base; path = Base.lproj/Main.storyboard; sourceTree = "<group>"; };
		ABADADDA2550274900EEB9D2 /* Assets.xcassets */ = {isa = PBXFileReference; lastKnownFileType = folder.assetcatalog; path = Assets.xcassets; sourceTree = "<group>"; };
		ABADADDD2550274900EEB9D2 /* Base */ = {isa = PBXFileReference; lastKnownFileType = file.storyboard; name = Base; path = Base.lproj/LaunchScreen.storyboard; sourceTree = "<group>"; };
		ABADADDF2550274900EEB9D2 /* Info.plist */ = {isa = PBXFileReference; lastKnownFileType = text.plist.xml; path = Info.plist; sourceTree = "<group>"; };
		ABADADE02550274900EEB9D2 /* main.m */ = {isa = PBXFileReference; lastKnownFileType = sourcecode.c.objc; path = main.m; sourceTree = "<group>"; };
		ABADADF02550286A00EEB9D2 /* BaseSDK.framework */ = {isa = PBXFileReference; explicitFileType = wrapper.framework; includeInIndex = 0; path = BaseSDK.framework; sourceTree = BUILT_PRODUCTS_DIR; };
		ABADADF22550286A00EEB9D2 /* BaseSDK.h */ = {isa = PBXFileReference; lastKnownFileType = sourcecode.c.h; path = BaseSDK.h; sourceTree = "<group>"; };
		ABADADF32550286A00EEB9D2 /* Info.plist */ = {isa = PBXFileReference; lastKnownFileType = text.plist.xml; path = Info.plist; sourceTree = "<group>"; };
		ABADADFF255028B300EEB9D2 /* UtilityTool.h */ = {isa = PBXFileReference; lastKnownFileType = sourcecode.c.h; path = UtilityTool.h; sourceTree = "<group>"; };
		ABADAE00255028B300EEB9D2 /* UtilityTool.m */ = {isa = PBXFileReference; lastKnownFileType = sourcecode.c.objc; path = UtilityTool.m; sourceTree = "<group>"; };
/* End PBXFileReference section */

/* Begin PBXFrameworksBuildPhase section */
		ABADADAE255026DD00EEB9D2 /* Frameworks */ = {
			isa = PBXFrameworksBuildPhase;
			buildActionMask = 2147483647;
			files = (
			);
			runOnlyForDeploymentPostprocessing = 0;
		};
		ABADADC92550274500EEB9D2 /* Frameworks */ = {
			isa = PBXFrameworksBuildPhase;
			buildActionMask = 2147483647;
			files = (
				ABADAE0825502B3200EEB9D2 /* LiveSDK.framework in Frameworks */,
				ABADADF72550286A00EEB9D2 /* BaseSDK.framework in Frameworks */,
			);
			runOnlyForDeploymentPostprocessing = 0;
		};
		ABADADED2550286A00EEB9D2 /* Frameworks */ = {
			isa = PBXFrameworksBuildPhase;
			buildActionMask = 2147483647;
			files = (
			);
			runOnlyForDeploymentPostprocessing = 0;
		};
/* End PBXFrameworksBuildPhase section */

/* Begin PBXGroup section */
		ABADADA7255026DD00EEB9D2 = {
			isa = PBXGroup;
			children = (
				ABADADB3255026DD00EEB9D2 /* LiveSDK */,
				ABADADCD2550274500EEB9D2 /* LiveAppDemo */,
				ABADADF12550286A00EEB9D2 /* BaseSDK */,
				ABADADB2255026DD00EEB9D2 /* Products */,
				ABADAE0725502B3200EEB9D2 /* Frameworks */,
			);
			sourceTree = "<group>";
		};
		ABADADB2255026DD00EEB9D2 /* Products */ = {
			isa = PBXGroup;
			children = (
				ABADADB1255026DD00EEB9D2 /* LiveSDK.framework */,
				ABADADCC2550274500EEB9D2 /* LiveAppDemo.app */,
				ABADADF02550286A00EEB9D2 /* BaseSDK.framework */,
			);
			name = Products;
			sourceTree = "<group>";
		};
		ABADADB3255026DD00EEB9D2 /* LiveSDK */ = {
			isa = PBXGroup;
			children = (
				ABADADB4255026DD00EEB9D2 /* LiveSDK.h */,
				ABADADBD2550270100EEB9D2 /* LiveSDKService.h */,
				ABADADBE2550270100EEB9D2 /* LiveSDKService.m */,
				ABADADC22550271200EEB9D2 /* LiveSDKHelper.h */,
				ABADADC32550271200EEB9D2 /* LiveSDKHelper.m */,
				ABADADB5255026DD00EEB9D2 /* Info.plist */,
			);
			path = LiveSDK;
			sourceTree = "<group>";
		};
		ABADADCD2550274500EEB9D2 /* LiveAppDemo */ = {
			isa = PBXGroup;
			children = (
				ABADADCE2550274500EEB9D2 /* AppDelegate.h */,
				ABADADCF2550274500EEB9D2 /* AppDelegate.m */,
				ABADADD12550274500EEB9D2 /* SceneDelegate.h */,
				ABADADD22550274500EEB9D2 /* SceneDelegate.m */,
				ABADADD42550274500EEB9D2 /* ViewController.h */,
				ABADADD52550274500EEB9D2 /* ViewController.m */,
				ABADADD72550274500EEB9D2 /* Main.storyboard */,
				ABADADDA2550274900EEB9D2 /* Assets.xcassets */,
				ABADADDC2550274900EEB9D2 /* LaunchScreen.storyboard */,
				ABADADDF2550274900EEB9D2 /* Info.plist */,
				ABADADE02550274900EEB9D2 /* main.m */,
			);
			path = LiveAppDemo;
			sourceTree = "<group>";
		};
		ABADADF12550286A00EEB9D2 /* BaseSDK */ = {
			isa = PBXGroup;
			children = (
				ABADADF22550286A00EEB9D2 /* BaseSDK.h */,
				ABADADFF255028B300EEB9D2 /* UtilityTool.h */,
				ABADAE00255028B300EEB9D2 /* UtilityTool.m */,
				ABADADF32550286A00EEB9D2 /* Info.plist */,
			);
			path = BaseSDK;
			sourceTree = "<group>";
		};
		ABADAE0725502B3200EEB9D2 /* Frameworks */ = {
			isa = PBXGroup;
			children = (
			);
			name = Frameworks;
			sourceTree = "<group>";
		};
/* End PBXGroup section */

/* Begin PBXHeadersBuildPhase section */
		ABADADAC255026DD00EEB9D2 /* Headers */ = {
			isa = PBXHeadersBuildPhase;
			buildActionMask = 2147483647;
			files = (
				ABADADB6255026DD00EEB9D2 /* LiveSDK.h in Headers */,
				ABADADC42550271200EEB9D2 /* LiveSDKHelper.h in Headers */,
				ABADADBF2550270100EEB9D2 /* LiveSDKService.h in Headers */,
			);
			runOnlyForDeploymentPostprocessing = 0;
		};
		ABADADEB2550286A00EEB9D2 /* Headers */ = {
			isa = PBXHeadersBuildPhase;
			buildActionMask = 2147483647;
			files = (
				ABADADF42550286A00EEB9D2 /* BaseSDK.h in Headers */,
				ABADAE01255028B300EEB9D2 /* UtilityTool.h in Headers */,
			);
			runOnlyForDeploymentPostprocessing = 0;
		};
/* End PBXHeadersBuildPhase section */

/* Begin PBXNativeTarget section */
		ABADADB0255026DD00EEB9D2 /* LiveSDK */ = {
			isa = PBXNativeTarget;
			buildConfigurationList = ABADADB9255026DD00EEB9D2 /* Build configuration list for PBXNativeTarget "LiveSDK" */;
			buildPhases = (
				ABADADAC255026DD00EEB9D2 /* Headers */,
				ABADADAD255026DD00EEB9D2 /* Sources */,
				ABADADAE255026DD00EEB9D2 /* Frameworks */,
				ABADADAF255026DD00EEB9D2 /* Resources */,
			);
			buildRules = (
			);
			dependencies = (
			);
			name = LiveSDK;
			productName = LiveSDK;
			productReference = ABADADB1255026DD00EEB9D2 /* LiveSDK.framework */;
			productType = "com.apple.product-type.framework";
		};
		ABADADCB2550274500EEB9D2 /* LiveAppDemo */ = {
			isa = PBXNativeTarget;
			buildConfigurationList = ABADADE22550274900EEB9D2 /* Build configuration list for PBXNativeTarget "LiveAppDemo" */;
			buildPhases = (
				ABADADC82550274500EEB9D2 /* Sources */,
				ABADADC92550274500EEB9D2 /* Frameworks */,
				ABADADCA2550274500EEB9D2 /* Resources */,
				ABADADF82550286A00EEB9D2 /* Embed Frameworks */,
			);
			buildRules = (
			);
			dependencies = (
				ABADADE82550276100EEB9D2 /* PBXTargetDependency */,
				ABADADF62550286A00EEB9D2 /* PBXTargetDependency */,
			);
			name = LiveAppDemo;
			productName = LiveAppDemo;
			productReference = ABADADCC2550274500EEB9D2 /* LiveAppDemo.app */;
			productType = "com.apple.product-type.application";
		};
		ABADADEF2550286A00EEB9D2 /* BaseSDK */ = {
			isa = PBXNativeTarget;
			buildConfigurationList = ABADADFA2550286A00EEB9D2 /* Build configuration list for PBXNativeTarget "BaseSDK" */;
			buildPhases = (
				ABADADEB2550286A00EEB9D2 /* Headers */,
				ABADADEC2550286A00EEB9D2 /* Sources */,
				ABADADED2550286A00EEB9D2 /* Frameworks */,
				ABADADEE2550286A00EEB9D2 /* Resources */,
			);
			buildRules = (
			);
			dependencies = (
			);
			name = BaseSDK;
			productName = BaseSDK;
			productReference = ABADADF02550286A00EEB9D2 /* BaseSDK.framework */;
			productType = "com.apple.product-type.framework";
		};
/* End PBXNativeTarget section */

/* Begin PBXProject section */
		ABADADA8255026DD00EEB9D2 /* Project object */ = {
			isa = PBXProject;
			attributes = {
				LastUpgradeCheck = 1210;
				TargetAttributes = {
					ABADADB0255026DD00EEB9D2 = {
						CreatedOnToolsVersion = 12.1;
					};
					ABADADCB2550274500EEB9D2 = {
						CreatedOnToolsVersion = 12.1;
					};
					ABADADEF2550286A00EEB9D2 = {
						CreatedOnToolsVersion = 12.1;
					};
				};
			};
			buildConfigurationList = ABADADAB255026DD00EEB9D2 /* Build configuration list for PBXProject "LiveSDK" */;
			compatibilityVersion = "Xcode 9.3";
			developmentRegion = en;
			hasScannedForEncodings = 0;
			knownRegions = (
				en,
				Base,
			);
			mainGroup = ABADADA7255026DD00EEB9D2;
			productRefGroup = ABADADB2255026DD00EEB9D2 /* Products */;
			projectDirPath = "";
			projectRoot = "";
			targets = (
				ABADADB0255026DD00EEB9D2 /* LiveSDK */,
				ABADADCB2550274500EEB9D2 /* LiveAppDemo */,
				ABADADEF2550286A00EEB9D2 /* BaseSDK */,
			);
		};
/* End PBXProject section */

/* Begin PBXResourcesBuildPhase section */
		ABADADAF255026DD00EEB9D2 /* Resources */ = {
			isa = PBXResourcesBuildPhase;
			buildActionMask = 2147483647;
			files = (
			);
			runOnlyForDeploymentPostprocessing = 0;
		};
		ABADADCA2550274500EEB9D2 /* Resources */ = {
			isa = PBXResourcesBuildPhase;
			buildActionMask = 2147483647;
			files = (
				ABADADDE2550274900EEB9D2 /* LaunchScreen.storyboard in Resources */,
				ABADADDB2550274900EEB9D2 /* Assets.xcassets in Resources */,
				ABADADD92550274500EEB9D2 /* Main.storyboard in Resources */,
			);
			runOnlyForDeploymentPostprocessing = 0;
		};
		ABADADEE2550286A00EEB9D2 /* Resources */ = {
			isa = PBXResourcesBuildPhase;
			buildActionMask = 2147483647;
			files = (
			);
			runOnlyForDeploymentPostprocessing = 0;
		};
/* End PBXResourcesBuildPhase section */

/* Begin PBXSourcesBuildPhase section */
		ABADADAD255026DD00EEB9D2 /* Sources */ = {
			isa = PBXSourcesBuildPhase;
			buildActionMask = 2147483647;
			files = (
				ABADADC52550271200EEB9D2 /* LiveSDKHelper.m in Sources */,
				ABADADC02550270100EEB9D2 /* LiveSDKService.m in Sources */,
			);
			runOnlyForDeploymentPostprocessing = 0;
		};
		ABADADC82550274500EEB9D2 /* Sources */ = {
			isa = PBXSourcesBuildPhase;
			buildActionMask = 2147483647;
			files = (
				ABADADD62550274500EEB9D2 /* ViewController.m in Sources */,
				ABADADD02550274500EEB9D2 /* AppDelegate.m in Sources */,
				ABADADE12550274900EEB9D2 /* main.m in Sources */,
				ABADADD32550274500EEB9D2 /* SceneDelegate.m in Sources */,
			);
			runOnlyForDeploymentPostprocessing = 0;
		};
		ABADADEC2550286A00EEB9D2 /* Sources */ = {
			isa = PBXSourcesBuildPhase;
			buildActionMask = 2147483647;
			files = (
				ABADAE02255028B300EEB9D2 /* UtilityTool.m in Sources */,
			);
			runOnlyForDeploymentPostprocessing = 0;
		};
/* End PBXSourcesBuildPhase section */

/* Begin PBXTargetDependency section */
		ABADADE82550276100EEB9D2 /* PBXTargetDependency */ = {
			isa = PBXTargetDependency;
			target = ABADADB0255026DD00EEB9D2 /* LiveSDK */;
			targetProxy = ABADADE72550276100EEB9D2 /* PBXContainerItemProxy */;
		};
		ABADADF62550286A00EEB9D2 /* PBXTargetDependency */ = {
			isa = PBXTargetDependency;
			target = ABADADEF2550286A00EEB9D2 /* BaseSDK */;
			targetProxy = ABADADF52550286A00EEB9D2 /* PBXContainerItemProxy */;
		};
/* End PBXTargetDependency section */

/* Begin PBXVariantGroup section */
		ABADADD72550274500EEB9D2 /* Main.storyboard */ = {
			isa = PBXVariantGroup;
			children = (
				ABADADD82550274500EEB9D2 /* Base */,
			);
			name = Main.storyboard;
			sourceTree = "<group>";
		};
		ABADADDC2550274900EEB9D2 /* LaunchScreen.storyboard */ = {
			isa = PBXVariantGroup;
			children = (
				ABADADDD2550274900EEB9D2 /* Base */,
			);
			name = LaunchScreen.storyboard;
			sourceTree = "<group>";
		};
/* End PBXVariantGroup section */

/* Begin XCBuildConfiguration section */
		ABADADB7255026DD00EEB9D2 /* Debug */ = {
			isa = XCBuildConfiguration;
			buildSettings = {
				ALWAYS_SEARCH_USER_PATHS = NO;
				CLANG_ANALYZER_NONNULL = YES;
				CLANG_ANALYZER_NUMBER_OBJECT_CONVERSION = YES_AGGRESSIVE;
				CLANG_CXX_LANGUAGE_STANDARD = "gnu++14";
				CLANG_CXX_LIBRARY = "libc++";
				CLANG_ENABLE_MODULES = YES;
				CLANG_ENABLE_OBJC_ARC = YES;
				CLANG_ENABLE_OBJC_WEAK = YES;
				CLANG_WARN_BLOCK_CAPTURE_AUTORELEASING = YES;
				CLANG_WARN_BOOL_CONVERSION = YES;
				CLANG_WARN_COMMA = YES;
				CLANG_WARN_CONSTANT_CONVERSION = YES;
				CLANG_WARN_DEPRECATED_OBJC_IMPLEMENTATIONS = YES;
				CLANG_WARN_DIRECT_OBJC_ISA_USAGE = YES_ERROR;
				CLANG_WARN_DOCUMENTATION_COMMENTS = YES;
				CLANG_WARN_EMPTY_BODY = YES;
				CLANG_WARN_ENUM_CONVERSION = YES;
				CLANG_WARN_INFINITE_RECURSION = YES;
				CLANG_WARN_INT_CONVERSION = YES;
				CLANG_WARN_NON_LITERAL_NULL_CONVERSION = YES;
				CLANG_WARN_OBJC_IMPLICIT_RETAIN_SELF = YES;
				CLANG_WARN_OBJC_LITERAL_CONVERSION = YES;
				CLANG_WARN_OBJC_ROOT_CLASS = YES_ERROR;
				CLANG_WARN_QUOTED_INCLUDE_IN_FRAMEWORK_HEADER = YES;
				CLANG_WARN_RANGE_LOOP_ANALYSIS = YES;
				CLANG_WARN_STRICT_PROTOTYPES = YES;
				CLANG_WARN_SUSPICIOUS_MOVE = YES;
				CLANG_WARN_UNGUARDED_AVAILABILITY = YES_AGGRESSIVE;
				CLANG_WARN_UNREACHABLE_CODE = YES;
				CLANG_WARN__DUPLICATE_METHOD_MATCH = YES;
				COPY_PHASE_STRIP = NO;
				CURRENT_PROJECT_VERSION = 1;
				DEBUG_INFORMATION_FORMAT = dwarf;
				ENABLE_STRICT_OBJC_MSGSEND = YES;
				ENABLE_TESTABILITY = YES;
				GCC_C_LANGUAGE_STANDARD = gnu11;
				GCC_DYNAMIC_NO_PIC = NO;
				GCC_NO_COMMON_BLOCKS = YES;
				GCC_OPTIMIZATION_LEVEL = 0;
				GCC_PREPROCESSOR_DEFINITIONS = (
					"DEBUG=1",
					"$(inherited)",
				);
				GCC_WARN_64_TO_32_BIT_CONVERSION = YES;
				GCC_WARN_ABOUT_RETURN_TYPE = YES_ERROR;
				GCC_WARN_UNDECLARED_SELECTOR = YES;
				GCC_WARN_UNINITIALIZED_AUTOS = YES_AGGRESSIVE;
				GCC_WARN_UNUSED_FUNCTION = YES;
				GCC_WARN_UNUSED_VARIABLE = YES;
				IPHONEOS_DEPLOYMENT_TARGET = 14.1;
				MTL_ENABLE_DEBUG_INFO = INCLUDE_SOURCE;
				MTL_FAST_MATH = YES;
				ONLY_ACTIVE_ARCH = YES;
				SDKROOT = iphoneos;
				VERSIONING_SYSTEM = "apple-generic";
				VERSION_INFO_PREFIX = "";
			};
			name = Debug;
		};
		ABADADB8255026DD00EEB9D2 /* Release */ = {
			isa = XCBuildConfiguration;
			buildSettings = {
				ALWAYS_SEARCH_USER_PATHS = NO;
				CLANG_ANALYZER_NONNULL = YES;
				CLANG_ANALYZER_NUMBER_OBJECT_CONVERSION = YES_AGGRESSIVE;
				CLANG_CXX_LANGUAGE_STANDARD = "gnu++14";
				CLANG_CXX_LIBRARY = "libc++";
				CLANG_ENABLE_MODULES = YES;
				CLANG_ENABLE_OBJC_ARC = YES;
				CLANG_ENABLE_OBJC_WEAK = YES;
				CLANG_WARN_BLOCK_CAPTURE_AUTORELEASING = YES;
				CLANG_WARN_BOOL_CONVERSION = YES;
				CLANG_WARN_COMMA = YES;
				CLANG_WARN_CONSTANT_CONVERSION = YES;
				CLANG_WARN_DEPRECATED_OBJC_IMPLEMENTATIONS = YES;
				CLANG_WARN_DIRECT_OBJC_ISA_USAGE = YES_ERROR;
				CLANG_WARN_DOCUMENTATION_COMMENTS = YES;
				CLANG_WARN_EMPTY_BODY = YES;
				CLANG_WARN_ENUM_CONVERSION = YES;
				CLANG_WARN_INFINITE_RECURSION = YES;
				CLANG_WARN_INT_CONVERSION = YES;
				CLANG_WARN_NON_LITERAL_NULL_CONVERSION = YES;
				CLANG_WARN_OBJC_IMPLICIT_RETAIN_SELF = YES;
				CLANG_WARN_OBJC_LITERAL_CONVERSION = YES;
				CLANG_WARN_OBJC_ROOT_CLASS = YES_ERROR;
				CLANG_WARN_QUOTED_INCLUDE_IN_FRAMEWORK_HEADER = YES;
				CLANG_WARN_RANGE_LOOP_ANALYSIS = YES;
				CLANG_WARN_STRICT_PROTOTYPES = YES;
				CLANG_WARN_SUSPICIOUS_MOVE = YES;
				CLANG_WARN_UNGUARDED_AVAILABILITY = YES_AGGRESSIVE;
				CLANG_WARN_UNREACHABLE_CODE = YES;
				CLANG_WARN__DUPLICATE_METHOD_MATCH = YES;
				COPY_PHASE_STRIP = NO;
				CURRENT_PROJECT_VERSION = 1;
				DEBUG_INFORMATION_FORMAT = "dwarf-with-dsym";
				ENABLE_NS_ASSERTIONS = NO;
				ENABLE_STRICT_OBJC_MSGSEND = YES;
				GCC_C_LANGUAGE_STANDARD = gnu11;
				GCC_NO_COMMON_BLOCKS = YES;
				GCC_WARN_64_TO_32_BIT_CONVERSION = YES;
				GCC_WARN_ABOUT_RETURN_TYPE = YES_ERROR;
				GCC_WARN_UNDECLARED_SELECTOR = YES;
				GCC_WARN_UNINITIALIZED_AUTOS = YES_AGGRESSIVE;
				GCC_WARN_UNUSED_FUNCTION = YES;
				GCC_WARN_UNUSED_VARIABLE = YES;
				IPHONEOS_DEPLOYMENT_TARGET = 14.1;
				MTL_ENABLE_DEBUG_INFO = NO;
				MTL_FAST_MATH = YES;
				SDKROOT = iphoneos;
				VALIDATE_PRODUCT = YES;
				VERSIONING_SYSTEM = "apple-generic";
				VERSION_INFO_PREFIX = "";
			};
			name = Release;
		};
		ABADADBA255026DD00EEB9D2 /* Debug */ = {
			isa = XCBuildConfiguration;
			buildSettings = {
				CODE_SIGN_STYLE = Automatic;
				DEFINES_MODULE = YES;
				DEVELOPMENT_TEAM = 2LF694Y87U;
				DYLIB_COMPATIBILITY_VERSION = 1;
				DYLIB_CURRENT_VERSION = 1;
				DYLIB_INSTALL_NAME_BASE = "@rpath";
				INFOPLIST_FILE = LiveSDK/Info.plist;
				INSTALL_PATH = "$(LOCAL_LIBRARY_DIR)/Frameworks";
				LD_RUNPATH_SEARCH_PATHS = (
					"$(inherited)",
					"@executable_path/Frameworks",
					"@loader_path/Frameworks",
				);
				PRODUCT_BUNDLE_IDENTIFIER = com.ziyingtech.LiveSDK;
				PRODUCT_NAME = "$(TARGET_NAME:c99extidentifier)";
				SKIP_INSTALL = YES;
				TARGETED_DEVICE_FAMILY = "1,2";
			};
			name = Debug;
		};
		ABADADBB255026DD00EEB9D2 /* Release */ = {
			isa = XCBuildConfiguration;
			buildSettings = {
				CODE_SIGN_STYLE = Automatic;
				DEFINES_MODULE = YES;
				DEVELOPMENT_TEAM = 2LF694Y87U;
				DYLIB_COMPATIBILITY_VERSION = 1;
				DYLIB_CURRENT_VERSION = 1;
				DYLIB_INSTALL_NAME_BASE = "@rpath";
				INFOPLIST_FILE = LiveSDK/Info.plist;
				INSTALL_PATH = "$(LOCAL_LIBRARY_DIR)/Frameworks";
				LD_RUNPATH_SEARCH_PATHS = (
					"$(inherited)",
					"@executable_path/Frameworks",
					"@loader_path/Frameworks",
				);
				PRODUCT_BUNDLE_IDENTIFIER = com.ziyingtech.LiveSDK;
				PRODUCT_NAME = "$(TARGET_NAME:c99extidentifier)";
				SKIP_INSTALL = YES;
				TARGETED_DEVICE_FAMILY = "1,2";
			};
			name = Release;
		};
		ABADADE32550274900EEB9D2 /* Debug */ = {
			isa = XCBuildConfiguration;
			buildSettings = {
				ASSETCATALOG_COMPILER_APPICON_NAME = AppIcon;
				ASSETCATALOG_COMPILER_GLOBAL_ACCENT_COLOR_NAME = AccentColor;
				CODE_SIGN_STYLE = Automatic;
				DEVELOPMENT_TEAM = 2LF694Y87U;
				INFOPLIST_FILE = LiveAppDemo/Info.plist;
				LD_RUNPATH_SEARCH_PATHS = (
					"$(inherited)",
					"@executable_path/Frameworks",
				);
				PRODUCT_BUNDLE_IDENTIFIER = com.ziyingtech.LiveAppDemo;
				PRODUCT_NAME = "$(TARGET_NAME)";
				TARGETED_DEVICE_FAMILY = "1,2";
			};
			name = Debug;
		};
		ABADADE42550274900EEB9D2 /* Release */ = {
			isa = XCBuildConfiguration;
			buildSettings = {
				ASSETCATALOG_COMPILER_APPICON_NAME = AppIcon;
				ASSETCATALOG_COMPILER_GLOBAL_ACCENT_COLOR_NAME = AccentColor;
				CODE_SIGN_STYLE = Automatic;
				DEVELOPMENT_TEAM = 2LF694Y87U;
				INFOPLIST_FILE = LiveAppDemo/Info.plist;
				LD_RUNPATH_SEARCH_PATHS = (
					"$(inherited)",
					"@executable_path/Frameworks",
				);
				PRODUCT_BUNDLE_IDENTIFIER = com.ziyingtech.LiveAppDemo;
				PRODUCT_NAME = "$(TARGET_NAME)";
				TARGETED_DEVICE_FAMILY = "1,2";
			};
			name = Release;
		};
		ABADADFB2550286A00EEB9D2 /* Debug */ = {
			isa = XCBuildConfiguration;
			buildSettings = {
				CODE_SIGN_STYLE = Automatic;
				DEFINES_MODULE = YES;
				DEVELOPMENT_TEAM = 2LF694Y87U;
				DYLIB_COMPATIBILITY_VERSION = 1;
				DYLIB_CURRENT_VERSION = 1;
				DYLIB_INSTALL_NAME_BASE = "@rpath";
				INFOPLIST_FILE = BaseSDK/Info.plist;
				INSTALL_PATH = "$(LOCAL_LIBRARY_DIR)/Frameworks";
				LD_RUNPATH_SEARCH_PATHS = (
					"$(inherited)",
					"@executable_path/Frameworks",
					"@loader_path/Frameworks",
				);
				PRODUCT_BUNDLE_IDENTIFIER = com.ziyingtech.BaseSDK;
				PRODUCT_NAME = "$(TARGET_NAME:c99extidentifier)";
				SKIP_INSTALL = YES;
				TARGETED_DEVICE_FAMILY = "1,2";
			};
			name = Debug;
		};
		ABADADFC2550286A00EEB9D2 /* Release */ = {
			isa = XCBuildConfiguration;
			buildSettings = {
				CODE_SIGN_STYLE = Automatic;
				DEFINES_MODULE = YES;
				DEVELOPMENT_TEAM = 2LF694Y87U;
				DYLIB_COMPATIBILITY_VERSION = 1;
				DYLIB_CURRENT_VERSION = 1;
				DYLIB_INSTALL_NAME_BASE = "@rpath";
				INFOPLIST_FILE = BaseSDK/Info.plist;
				INSTALL_PATH = "$(LOCAL_LIBRARY_DIR)/Frameworks";
				LD_RUNPATH_SEARCH_PATHS = (
					"$(inherited)",
					"@executable_path/Frameworks",
					"@loader_path/Frameworks",
				);
				PRODUCT_BUNDLE_IDENTIFIER = com.ziyingtech.BaseSDK;
				PRODUCT_NAME = "$(TARGET_NAME:c99extidentifier)";
				SKIP_INSTALL = YES;
				TARGETED_DEVICE_FAMILY = "1,2";
			};
			name = Release;
		};
/* End XCBuildConfiguration section */

/* Begin XCConfigurationList section */
		ABADADAB255026DD00EEB9D2 /* Build configuration list for PBXProject "LiveSDK" */ = {
			isa = XCConfigurationList;
			buildConfigurations = (
				ABADADB7255026DD00EEB9D2 /* Debug */,
				ABADADB8255026DD00EEB9D2 /* Release */,
			);
			defaultConfigurationIsVisible = 0;
			defaultConfigurationName = Release;
		};
		ABADADB9255026DD00EEB9D2 /* Build configuration list for PBXNativeTarget "LiveSDK" */ = {
			isa = XCConfigurationList;
			buildConfigurations = (
				ABADADBA255026DD00EEB9D2 /* Debug */,
				ABADADBB255026DD00EEB9D2 /* Release */,
			);
			defaultConfigurationIsVisible = 0;
			defaultConfigurationName = Release;
		};
		ABADADE22550274900EEB9D2 /* Build configuration list for PBXNativeTarget "LiveAppDemo" */ = {
			isa = XCConfigurationList;
			buildConfigurations = (
				ABADADE32550274900EEB9D2 /* Debug */,
				ABADADE42550274900EEB9D2 /* Release */,
			);
			defaultConfigurationIsVisible = 0;
			defaultConfigurationName = Release;
		};
		ABADADFA2550286A00EEB9D2 /* Build configuration list for PBXNativeTarget "BaseSDK" */ = {
			isa = XCConfigurationList;
			buildConfigurations = (
				ABADADFB2550286A00EEB9D2 /* Debug */,
				ABADADFC2550286A00EEB9D2 /* Release */,
			);
			defaultConfigurationIsVisible = 0;
			defaultConfigurationName = Release;
		};
/* End XCConfigurationList section */
	};
	rootObject = ABADADA8255026DD00EEB9D2 /* Project object */;
}
